// !$*UTF8*$!
{
	archiveVersion = 1;
	classes = {
	};
	objectVersion = 56;
	objects = {

/* Begin PBXBuildFile section */
		0E68D215298B84BB0073326F /* JSONs.swift in Sources */ = {isa = PBXBuildFile; fileRef = 0E68D214298B84BB0073326F /* JSONs.swift */; };
		0E68D21A298B85EA0073326F /* 24HANE.swift in Sources */ = {isa = PBXBuildFile; fileRef = 0E68D219298B85EA0073326F /* 24HANE.swift */; };
		0E68D21C298BAFFF0073326F /* sideView.swift in Sources */ = {isa = PBXBuildFile; fileRef = 0E68D21B298BAFFF0073326F /* sideView.swift */; };
		0E68D21E298BB24A0073326F /* URLButtonView.swift in Sources */ = {isa = PBXBuildFile; fileRef = 0E68D21D298BB24A0073326F /* URLButtonView.swift */; };
		0E68D220298BB8D30073326F /* Asset.xcassets in Resources */ = {isa = PBXBuildFile; fileRef = 0E68D21F298BB8D30073326F /* Asset.xcassets */; };
		0E940207298CD2400085F9ED /* DateExtension.swift in Sources */ = {isa = PBXBuildFile; fileRef = 0E940206298CD2400085F9ED /* DateExtension.swift */; };
		0E940209298CE5AA0085F9ED /* SummaryView.swift in Sources */ = {isa = PBXBuildFile; fileRef = 0E940208298CE5AA0085F9ED /* SummaryView.swift */; };
		0E94020B298CE6740085F9ED /* MainView.swift in Sources */ = {isa = PBXBuildFile; fileRef = 0E94020A298CE6740085F9ED /* MainView.swift */; };
		0EED0C00298B1A2300BBDE23 /* ColorExtension.swift in Sources */ = {isa = PBXBuildFile; fileRef = 0EED0BFF298B1A2300BBDE23 /* ColorExtension.swift */; };
		0EED0C02298B419F00BBDE23 /* PickerExtension.swift in Sources */ = {isa = PBXBuildFile; fileRef = 0EED0C01298B419F00BBDE23 /* PickerExtension.swift */; };
		0EEE04C02935FA4A00BAF824 /* _4HANEMobileApp.swift in Sources */ = {isa = PBXBuildFile; fileRef = 0EEE04BF2935FA4A00BAF824 /* _4HANEMobileApp.swift */; };
		0EEE04C22935FA4A00BAF824 /* ContentView.swift in Sources */ = {isa = PBXBuildFile; fileRef = 0EEE04C12935FA4A00BAF824 /* ContentView.swift */; };
		0EEE04C72935FA4D00BAF824 /* Preview Assets.xcassets in Resources */ = {isa = PBXBuildFile; fileRef = 0EEE04C62935FA4D00BAF824 /* Preview Assets.xcassets */; };
		0EF8E482298A4973004A51F7 /* CardView.swift in Sources */ = {isa = PBXBuildFile; fileRef = 0EF8E481298A4973004A51F7 /* CardView.swift */; };
		0EF8E486298A4997004A51F7 /* ProgressCircleView.swift in Sources */ = {isa = PBXBuildFile; fileRef = 0EF8E485298A4997004A51F7 /* ProgressCircleView.swift */; };
		9AF0DC30298CBF2300ADDD61 /* HeaderView.swift in Sources */ = {isa = PBXBuildFile; fileRef = 9AF0DC2F298CBF2300ADDD61 /* HeaderView.swift */; };
/* End PBXBuildFile section */

/* Begin PBXCopyFilesBuildPhase section */
		0E53CE5A2944A0BB0098C471 /* Embed Foundation Extensions */ = {
			isa = PBXCopyFilesBuildPhase;
			buildActionMask = 2147483647;
			dstPath = "";
			dstSubfolderSpec = 13;
			files = (
			);
			name = "Embed Foundation Extensions";
			runOnlyForDeploymentPostprocessing = 0;
		};
/* End PBXCopyFilesBuildPhase section */

/* Begin PBXFileReference section */
		0E68D214298B84BB0073326F /* JSONs.swift */ = {isa = PBXFileReference; lastKnownFileType = sourcecode.swift; path = JSONs.swift; sourceTree = "<group>"; };
		0E68D219298B85EA0073326F /* 24HANE.swift */ = {isa = PBXFileReference; lastKnownFileType = sourcecode.swift; path = 24HANE.swift; sourceTree = "<group>"; };
		0E68D21B298BAFFF0073326F /* sideView.swift */ = {isa = PBXFileReference; lastKnownFileType = sourcecode.swift; path = sideView.swift; sourceTree = "<group>"; };
		0E68D21D298BB24A0073326F /* URLButtonView.swift */ = {isa = PBXFileReference; lastKnownFileType = sourcecode.swift; path = URLButtonView.swift; sourceTree = "<group>"; };
		0E68D21F298BB8D30073326F /* Asset.xcassets */ = {isa = PBXFileReference; lastKnownFileType = folder.assetcatalog; path = Asset.xcassets; sourceTree = "<group>"; };
		0E940206298CD2400085F9ED /* DateExtension.swift */ = {isa = PBXFileReference; lastKnownFileType = sourcecode.swift; path = DateExtension.swift; sourceTree = "<group>"; };
		0E940208298CE5AA0085F9ED /* SummaryView.swift */ = {isa = PBXFileReference; lastKnownFileType = sourcecode.swift; path = SummaryView.swift; sourceTree = "<group>"; };
		0E94020A298CE6740085F9ED /* MainView.swift */ = {isa = PBXFileReference; lastKnownFileType = sourcecode.swift; path = MainView.swift; sourceTree = "<group>"; };
		0EE69ECF293C8DFD00189663 /* -4HANEMobile-Info.plist */ = {isa = PBXFileReference; lastKnownFileType = text.plist; path = "-4HANEMobile-Info.plist"; sourceTree = SOURCE_ROOT; };
		0EED0BFF298B1A2300BBDE23 /* ColorExtension.swift */ = {isa = PBXFileReference; lastKnownFileType = sourcecode.swift; path = ColorExtension.swift; sourceTree = "<group>"; };
		0EED0C01298B419F00BBDE23 /* PickerExtension.swift */ = {isa = PBXFileReference; lastKnownFileType = sourcecode.swift; path = PickerExtension.swift; sourceTree = "<group>"; };
		0EEE04BC2935FA4A00BAF824 /* 24HANEMobile.app */ = {isa = PBXFileReference; explicitFileType = wrapper.application; includeInIndex = 0; path = 24HANEMobile.app; sourceTree = BUILT_PRODUCTS_DIR; };
		0EEE04BF2935FA4A00BAF824 /* _4HANEMobileApp.swift */ = {isa = PBXFileReference; lastKnownFileType = sourcecode.swift; path = _4HANEMobileApp.swift; sourceTree = "<group>"; };
		0EEE04C12935FA4A00BAF824 /* ContentView.swift */ = {isa = PBXFileReference; lastKnownFileType = sourcecode.swift; path = ContentView.swift; sourceTree = "<group>"; };
		0EEE04C62935FA4D00BAF824 /* Preview Assets.xcassets */ = {isa = PBXFileReference; lastKnownFileType = folder.assetcatalog; path = "Preview Assets.xcassets"; sourceTree = "<group>"; };
		0EF8E481298A4973004A51F7 /* CardView.swift */ = {isa = PBXFileReference; lastKnownFileType = sourcecode.swift; path = CardView.swift; sourceTree = "<group>"; };
		0EF8E485298A4997004A51F7 /* ProgressCircleView.swift */ = {isa = PBXFileReference; lastKnownFileType = sourcecode.swift; path = ProgressCircleView.swift; sourceTree = "<group>"; };
		9AF0DC2F298CBF2300ADDD61 /* HeaderView.swift */ = {isa = PBXFileReference; lastKnownFileType = sourcecode.swift; path = HeaderView.swift; sourceTree = "<group>"; };
/* End PBXFileReference section */

/* Begin PBXFrameworksBuildPhase section */
		0EEE04B92935FA4A00BAF824 /* Frameworks */ = {
			isa = PBXFrameworksBuildPhase;
			buildActionMask = 2147483647;
			files = (
			);
			runOnlyForDeploymentPostprocessing = 0;
		};
/* End PBXFrameworksBuildPhase section */

/* Begin PBXGroup section */
		0E68D218298B85D90073326F /* ViewModel */ = {
			isa = PBXGroup;
			children = (
				0E68D219298B85EA0073326F /* 24HANE.swift */,
				0E940206298CD2400085F9ED /* DateExtension.swift */,
			);
			path = ViewModel;
			sourceTree = "<group>";
		};
		0EEE04B32935FA4A00BAF824 = {
			isa = PBXGroup;
			children = (
				0EEE04BE2935FA4A00BAF824 /* 24HANEMobile */,
				0EEE04BD2935FA4A00BAF824 /* Products */,
			);
			sourceTree = "<group>";
		};
		0EEE04BD2935FA4A00BAF824 /* Products */ = {
			isa = PBXGroup;
			children = (
				0EEE04BC2935FA4A00BAF824 /* 24HANEMobile.app */,
			);
			name = Products;
			sourceTree = "<group>";
		};
		0EEE04BE2935FA4A00BAF824 /* 24HANEMobile */ = {
			isa = PBXGroup;
			children = (
				0EE69ECF293C8DFD00189663 /* -4HANEMobile-Info.plist */,
				0EEE04BF2935FA4A00BAF824 /* _4HANEMobileApp.swift */,
				0EEE04C12935FA4A00BAF824 /* ContentView.swift */,
				0EF8E480298A4954004A51F7 /* Model */,
				0E68D218298B85D90073326F /* ViewModel */,
				0EF8E47E298A4941004A51F7 /* View */,
				0EEE04C52935FA4D00BAF824 /* Preview Content */,
			);
			path = 24HANEMobile;
			sourceTree = "<group>";
		};
		0EEE04C52935FA4D00BAF824 /* Preview Content */ = {
			isa = PBXGroup;
			children = (
				0EEE04C62935FA4D00BAF824 /* Preview Assets.xcassets */,
			);
			path = "Preview Content";
			sourceTree = "<group>";
		};
		0EF8E47E298A4941004A51F7 /* View */ = {
			isa = PBXGroup;
			children = (
				0EF8E481298A4973004A51F7 /* CardView.swift */,
				0E940208298CE5AA0085F9ED /* SummaryView.swift */,
				0E94020A298CE6740085F9ED /* MainView.swift */,
				0E68D21B298BAFFF0073326F /* sideView.swift */,
				0E68D21D298BB24A0073326F /* URLButtonView.swift */,
				0EED0C01298B419F00BBDE23 /* PickerExtension.swift */,
				0EED0BFF298B1A2300BBDE23 /* ColorExtension.swift */,
				0E68D21F298BB8D30073326F /* Asset.xcassets */,
				0EF8E485298A4997004A51F7 /* ProgressCircleView.swift */,
				9AF0DC2F298CBF2300ADDD61 /* HeaderView.swift */,
			);
			path = View;
			sourceTree = "<group>";
		};
		0EF8E480298A4954004A51F7 /* Model */ = {
			isa = PBXGroup;
			children = (
				0E68D214298B84BB0073326F /* JSONs.swift */,
			);
			path = Model;
			sourceTree = "<group>";
		};
/* End PBXGroup section */

/* Begin PBXNativeTarget section */
		0EEE04BB2935FA4A00BAF824 /* 24HANEMobile */ = {
			isa = PBXNativeTarget;
			buildConfigurationList = 0EEE04CA2935FA4D00BAF824 /* Build configuration list for PBXNativeTarget "24HANEMobile" */;
			buildPhases = (
				0EEE04B82935FA4A00BAF824 /* Sources */,
				0EEE04B92935FA4A00BAF824 /* Frameworks */,
				0EEE04BA2935FA4A00BAF824 /* Resources */,
				0E53CE5A2944A0BB0098C471 /* Embed Foundation Extensions */,
			);
			buildRules = (
			);
			dependencies = (
			);
			name = 24HANEMobile;
			productName = 24HANEMobile;
			productReference = 0EEE04BC2935FA4A00BAF824 /* 24HANEMobile.app */;
			productType = "com.apple.product-type.application";
		};
/* End PBXNativeTarget section */

/* Begin PBXProject section */
		0EEE04B42935FA4A00BAF824 /* Project object */ = {
			isa = PBXProject;
			attributes = {
				BuildIndependentTargetsInParallel = 1;
				LastSwiftUpdateCheck = 1400;
				LastUpgradeCheck = 1400;
				TargetAttributes = {
					0EEE04BB2935FA4A00BAF824 = {
						CreatedOnToolsVersion = 14.0.1;
					};
				};
			};
			buildConfigurationList = 0EEE04B72935FA4A00BAF824 /* Build configuration list for PBXProject "24HANEMobile" */;
			compatibilityVersion = "Xcode 14.0";
			developmentRegion = en;
			hasScannedForEncodings = 0;
			knownRegions = (
				en,
				Base,
			);
			mainGroup = 0EEE04B32935FA4A00BAF824;
			productRefGroup = 0EEE04BD2935FA4A00BAF824 /* Products */;
			projectDirPath = "";
			projectRoot = "";
			targets = (
				0EEE04BB2935FA4A00BAF824 /* 24HANEMobile */,
			);
		};
/* End PBXProject section */

/* Begin PBXResourcesBuildPhase section */
		0EEE04BA2935FA4A00BAF824 /* Resources */ = {
			isa = PBXResourcesBuildPhase;
			buildActionMask = 2147483647;
			files = (
				0E68D220298BB8D30073326F /* Asset.xcassets in Resources */,
				0EEE04C72935FA4D00BAF824 /* Preview Assets.xcassets in Resources */,
			);
			runOnlyForDeploymentPostprocessing = 0;
		};
/* End PBXResourcesBuildPhase section */

/* Begin PBXSourcesBuildPhase section */
		0EEE04B82935FA4A00BAF824 /* Sources */ = {
			isa = PBXSourcesBuildPhase;
			buildActionMask = 2147483647;
			files = (
				0E940209298CE5AA0085F9ED /* SummaryView.swift in Sources */,
				0E94020B298CE6740085F9ED /* MainView.swift in Sources */,
				0E68D21E298BB24A0073326F /* URLButtonView.swift in Sources */,
				0E940207298CD2400085F9ED /* DateExtension.swift in Sources */,
				0EEE04C22935FA4A00BAF824 /* ContentView.swift in Sources */,
				0E68D21A298B85EA0073326F /* 24HANE.swift in Sources */,
				0E68D21C298BAFFF0073326F /* sideView.swift in Sources */,
				0EF8E486298A4997004A51F7 /* ProgressCircleView.swift in Sources */,
				0EF8E482298A4973004A51F7 /* CardView.swift in Sources */,
				0EED0C02298B419F00BBDE23 /* PickerExtension.swift in Sources */,
				9AF0DC30298CBF2300ADDD61 /* HeaderView.swift in Sources */,
				0E68D215298B84BB0073326F /* JSONs.swift in Sources */,
				0EEE04C02935FA4A00BAF824 /* _4HANEMobileApp.swift in Sources */,
				0EED0C00298B1A2300BBDE23 /* ColorExtension.swift in Sources */,
			);
			runOnlyForDeploymentPostprocessing = 0;
		};
/* End PBXSourcesBuildPhase section */

/* Begin XCBuildConfiguration section */
		0EEE04C82935FA4D00BAF824 /* Debug */ = {
			isa = XCBuildConfiguration;
			buildSettings = {
				ALWAYS_SEARCH_USER_PATHS = NO;
				CLANG_ANALYZER_NONNULL = YES;
				CLANG_ANALYZER_NUMBER_OBJECT_CONVERSION = YES_AGGRESSIVE;
				CLANG_CXX_LANGUAGE_STANDARD = "gnu++20";
				CLANG_ENABLE_MODULES = YES;
				CLANG_ENABLE_OBJC_ARC = YES;
				CLANG_ENABLE_OBJC_WEAK = YES;
				CLANG_WARN_BLOCK_CAPTURE_AUTORELEASING = YES;
				CLANG_WARN_BOOL_CONVERSION = YES;
				CLANG_WARN_COMMA = YES;
				CLANG_WARN_CONSTANT_CONVERSION = YES;
				CLANG_WARN_DEPRECATED_OBJC_IMPLEMENTATIONS = YES;
				CLANG_WARN_DIRECT_OBJC_ISA_USAGE = YES_ERROR;
				CLANG_WARN_DOCUMENTATION_COMMENTS = YES;
				CLANG_WARN_EMPTY_BODY = YES;
				CLANG_WARN_ENUM_CONVERSION = YES;
				CLANG_WARN_INFINITE_RECURSION = YES;
				CLANG_WARN_INT_CONVERSION = YES;
				CLANG_WARN_NON_LITERAL_NULL_CONVERSION = YES;
				CLANG_WARN_OBJC_IMPLICIT_RETAIN_SELF = YES;
				CLANG_WARN_OBJC_LITERAL_CONVERSION = YES;
				CLANG_WARN_OBJC_ROOT_CLASS = YES_ERROR;
				CLANG_WARN_QUOTED_INCLUDE_IN_FRAMEWORK_HEADER = YES;
				CLANG_WARN_RANGE_LOOP_ANALYSIS = YES;
				CLANG_WARN_STRICT_PROTOTYPES = YES;
				CLANG_WARN_SUSPICIOUS_MOVE = YES;
				CLANG_WARN_UNGUARDED_AVAILABILITY = YES_AGGRESSIVE;
				CLANG_WARN_UNREACHABLE_CODE = YES;
				CLANG_WARN__DUPLICATE_METHOD_MATCH = YES;
				COPY_PHASE_STRIP = NO;
				DEBUG_INFORMATION_FORMAT = dwarf;
				ENABLE_STRICT_OBJC_MSGSEND = YES;
				ENABLE_TESTABILITY = YES;
				GCC_C_LANGUAGE_STANDARD = gnu11;
				GCC_DYNAMIC_NO_PIC = NO;
				GCC_NO_COMMON_BLOCKS = YES;
				GCC_OPTIMIZATION_LEVEL = 0;
				GCC_PREPROCESSOR_DEFINITIONS = (
					"DEBUG=1",
					"$(inherited)",
				);
				GCC_WARN_64_TO_32_BIT_CONVERSION = YES;
				GCC_WARN_ABOUT_RETURN_TYPE = YES_ERROR;
				GCC_WARN_UNDECLARED_SELECTOR = YES;
				GCC_WARN_UNINITIALIZED_AUTOS = YES_AGGRESSIVE;
				GCC_WARN_UNUSED_FUNCTION = YES;
				GCC_WARN_UNUSED_VARIABLE = YES;
				IPHONEOS_DEPLOYMENT_TARGET = 15.0;
				MTL_ENABLE_DEBUG_INFO = INCLUDE_SOURCE;
				MTL_FAST_MATH = YES;
				ONLY_ACTIVE_ARCH = YES;
				SDKROOT = iphoneos;
				SWIFT_ACTIVE_COMPILATION_CONDITIONS = DEBUG;
				SWIFT_OPTIMIZATION_LEVEL = "-Onone";
			};
			name = Debug;
		};
		0EEE04C92935FA4D00BAF824 /* Release */ = {
			isa = XCBuildConfiguration;
			buildSettings = {
				ALWAYS_SEARCH_USER_PATHS = NO;
				CLANG_ANALYZER_NONNULL = YES;
				CLANG_ANALYZER_NUMBER_OBJECT_CONVERSION = YES_AGGRESSIVE;
				CLANG_CXX_LANGUAGE_STANDARD = "gnu++20";
				CLANG_ENABLE_MODULES = YES;
				CLANG_ENABLE_OBJC_ARC = YES;
				CLANG_ENABLE_OBJC_WEAK = YES;
				CLANG_WARN_BLOCK_CAPTURE_AUTORELEASING = YES;
				CLANG_WARN_BOOL_CONVERSION = YES;
				CLANG_WARN_COMMA = YES;
				CLANG_WARN_CONSTANT_CONVERSION = YES;
				CLANG_WARN_DEPRECATED_OBJC_IMPLEMENTATIONS = YES;
				CLANG_WARN_DIRECT_OBJC_ISA_USAGE = YES_ERROR;
				CLANG_WARN_DOCUMENTATION_COMMENTS = YES;
				CLANG_WARN_EMPTY_BODY = YES;
				CLANG_WARN_ENUM_CONVERSION = YES;
				CLANG_WARN_INFINITE_RECURSION = YES;
				CLANG_WARN_INT_CONVERSION = YES;
				CLANG_WARN_NON_LITERAL_NULL_CONVERSION = YES;
				CLANG_WARN_OBJC_IMPLICIT_RETAIN_SELF = YES;
				CLANG_WARN_OBJC_LITERAL_CONVERSION = YES;
				CLANG_WARN_OBJC_ROOT_CLASS = YES_ERROR;
				CLANG_WARN_QUOTED_INCLUDE_IN_FRAMEWORK_HEADER = YES;
				CLANG_WARN_RANGE_LOOP_ANALYSIS = YES;
				CLANG_WARN_STRICT_PROTOTYPES = YES;
				CLANG_WARN_SUSPICIOUS_MOVE = YES;
				CLANG_WARN_UNGUARDED_AVAILABILITY = YES_AGGRESSIVE;
				CLANG_WARN_UNREACHABLE_CODE = YES;
				CLANG_WARN__DUPLICATE_METHOD_MATCH = YES;
				COPY_PHASE_STRIP = NO;
				DEBUG_INFORMATION_FORMAT = "dwarf-with-dsym";
				ENABLE_NS_ASSERTIONS = NO;
				ENABLE_STRICT_OBJC_MSGSEND = YES;
				GCC_C_LANGUAGE_STANDARD = gnu11;
				GCC_NO_COMMON_BLOCKS = YES;
				GCC_WARN_64_TO_32_BIT_CONVERSION = YES;
				GCC_WARN_ABOUT_RETURN_TYPE = YES_ERROR;
				GCC_WARN_UNDECLARED_SELECTOR = YES;
				GCC_WARN_UNINITIALIZED_AUTOS = YES_AGGRESSIVE;
				GCC_WARN_UNUSED_FUNCTION = YES;
				GCC_WARN_UNUSED_VARIABLE = YES;
				IPHONEOS_DEPLOYMENT_TARGET = 15.0;
				MTL_ENABLE_DEBUG_INFO = NO;
				MTL_FAST_MATH = YES;
				SDKROOT = iphoneos;
				SWIFT_COMPILATION_MODE = wholemodule;
				SWIFT_OPTIMIZATION_LEVEL = "-O";
				VALIDATE_PRODUCT = YES;
			};
			name = Release;
		};
		0EEE04CB2935FA4D00BAF824 /* Debug */ = {
			isa = XCBuildConfiguration;
			buildSettings = {
				ASSETCATALOG_COMPILER_APPICON_NAME = AppIcon;
				ASSETCATALOG_COMPILER_GLOBAL_ACCENT_COLOR_NAME = AccentColor;
				CODE_SIGN_STYLE = Automatic;
				CURRENT_PROJECT_VERSION = 1;
				DEVELOPMENT_ASSET_PATHS = "\"24HANEMobile/Preview Content\"";
				DEVELOPMENT_TEAM = LT7Z66ZBAP;
				ENABLE_PREVIEWS = YES;
				GENERATE_INFOPLIST_FILE = YES;
				INFOPLIST_FILE = "-4HANEMobile-Info.plist";
				INFOPLIST_KEY_UIApplicationSceneManifest_Generation = YES;
				INFOPLIST_KEY_UIApplicationSupportsIndirectInputEvents = YES;
				INFOPLIST_KEY_UILaunchStoryboardName = "Launch Screen.storyboard";
				INFOPLIST_KEY_UISupportedInterfaceOrientations = UIInterfaceOrientationPortrait;
				INFOPLIST_KEY_UISupportedInterfaceOrientations_iPad = "UIInterfaceOrientationLandscapeLeft UIInterfaceOrientationLandscapeRight UIInterfaceOrientationPortrait UIInterfaceOrientationPortraitUpsideDown";
				INFOPLIST_KEY_UIUserInterfaceStyle = Light;
				IPHONEOS_DEPLOYMENT_TARGET = 15.0;
				LD_RUNPATH_SEARCH_PATHS = (
					"$(inherited)",
					"@executable_path/Frameworks",
				);
				MARKETING_VERSION = 1.0;
				PRODUCT_BUNDLE_IDENTIFIER = "net.yuhwang.-4HANEMobile";
				PRODUCT_NAME = "$(TARGET_NAME)";
				SUPPORTED_PLATFORMS = "iphoneos iphonesimulator";
				SUPPORTS_MACCATALYST = NO;
				SUPPORTS_MAC_DESIGNED_FOR_IPHONE_IPAD = NO;
				SWIFT_EMIT_LOC_STRINGS = YES;
				SWIFT_VERSION = 5.0;
				TARGETED_DEVICE_FAMILY = 1;
			};
			name = Debug;
		};
		0EEE04CC2935FA4D00BAF824 /* Release */ = {
			isa = XCBuildConfiguration;
			buildSettings = {
				ASSETCATALOG_COMPILER_APPICON_NAME = AppIcon;
				ASSETCATALOG_COMPILER_GLOBAL_ACCENT_COLOR_NAME = AccentColor;
				CODE_SIGN_STYLE = Automatic;
				CURRENT_PROJECT_VERSION = 1;
				DEVELOPMENT_ASSET_PATHS = "\"24HANEMobile/Preview Content\"";
				DEVELOPMENT_TEAM = LT7Z66ZBAP;
				ENABLE_PREVIEWS = YES;
				GENERATE_INFOPLIST_FILE = YES;
				INFOPLIST_FILE = "-4HANEMobile-Info.plist";
				INFOPLIST_KEY_UIApplicationSceneManifest_Generation = YES;
				INFOPLIST_KEY_UIApplicationSupportsIndirectInputEvents = YES;
				INFOPLIST_KEY_UILaunchStoryboardName = "Launch Screen.storyboard";
				INFOPLIST_KEY_UISupportedInterfaceOrientations = UIInterfaceOrientationPortrait;
				INFOPLIST_KEY_UISupportedInterfaceOrientations_iPad = "UIInterfaceOrientationLandscapeLeft UIInterfaceOrientationLandscapeRight UIInterfaceOrientationPortrait UIInterfaceOrientationPortraitUpsideDown";
				INFOPLIST_KEY_UIUserInterfaceStyle = Light;
				IPHONEOS_DEPLOYMENT_TARGET = 15.0;
				LD_RUNPATH_SEARCH_PATHS = (
					"$(inherited)",
					"@executable_path/Frameworks",
				);
				MARKETING_VERSION = 1.0;
				PRODUCT_BUNDLE_IDENTIFIER = "net.yuhwang.-4HANEMobile";
				PRODUCT_NAME = "$(TARGET_NAME)";
				SUPPORTED_PLATFORMS = "iphoneos iphonesimulator";
				SUPPORTS_MACCATALYST = NO;
				SUPPORTS_MAC_DESIGNED_FOR_IPHONE_IPAD = NO;
				SWIFT_EMIT_LOC_STRINGS = YES;
				SWIFT_VERSION = 5.0;
				TARGETED_DEVICE_FAMILY = 1;
			};
			name = Release;
		};
/* End XCBuildConfiguration section */

/* Begin XCConfigurationList section */
		0EEE04B72935FA4A00BAF824 /* Build configuration list for PBXProject "24HANEMobile" */ = {
			isa = XCConfigurationList;
			buildConfigurations = (
				0EEE04C82935FA4D00BAF824 /* Debug */,
				0EEE04C92935FA4D00BAF824 /* Release */,
			);
			defaultConfigurationIsVisible = 0;
			defaultConfigurationName = Release;
		};
		0EEE04CA2935FA4D00BAF824 /* Build configuration list for PBXNativeTarget "24HANEMobile" */ = {
			isa = XCConfigurationList;
			buildConfigurations = (
				0EEE04CB2935FA4D00BAF824 /* Debug */,
				0EEE04CC2935FA4D00BAF824 /* Release */,
			);
			defaultConfigurationIsVisible = 0;
			defaultConfigurationName = Release;
		};
/* End XCConfigurationList section */
	};
	rootObject = 0EEE04B42935FA4A00BAF824 /* Project object */;
}
